
Microsoft Visual Studio Solution File, Format Version 12.00
# Visual Studio Version 16
VisualStudioVersion = 16.0.30611.23
MinimumVisualStudioVersion = 10.0.40219.1
Project("{FAE04EC0-301F-11D3-BF4B-00C04F79EFBC}") = "DependencyInjection", "Dependency injection\DependencyInjection.csproj", "{AA81502D-4F5D-4E1C-9EF6-2292FACA3581}"
EndProject
Project("{FAE04EC0-301F-11D3-BF4B-00C04F79EFBC}") = "DemoLibrary", "DemoLibrary\DemoLibrary.csproj", "{BC608F5C-D70B-4839-ABAF-241641F636E8}"
EndProject
Global
	GlobalSection(SolutionConfigurationPlatforms) = preSolution
		Debug|Any CPU = Debug|Any CPU
		Release|Any CPU = Release|Any CPU
	EndGlobalSection
	GlobalSection(ProjectConfigurationPlatforms) = postSolution
		{AA81502D-4F5D-4E1C-9EF6-2292FACA3581}.Debug|Any CPU.ActiveCfg = Debug|Any CPU
		{AA81502D-4F5D-4E1C-9EF6-2292FACA3581}.Debug|Any CPU.Build.0 = Debug|Any CPU
		{AA81502D-4F5D-4E1C-9EF6-2292FACA3581}.Release|Any CPU.ActiveCfg = Release|Any CPU
		{AA81502D-4F5D-4E1C-9EF6-2292FACA3581}.Release|Any CPU.Build.0 = Release|Any CPU
		{BC608F5C-D70B-4839-ABAF-241641F636E8}.Debug|Any CPU.ActiveCfg = Debug|Any CPU
		{BC608F5C-D70B-4839-ABAF-241641F636E8}.Debug|Any CPU.Build.0 = Debug|Any CPU
		{BC608F5C-D70B-4839-ABAF-241641F636E8}.Release|Any CPU.ActiveCfg = Release|Any CPU
		{BC608F5C-D70B-4839-ABAF-241641F636E8}.Release|Any CPU.Build.0 = Release|Any CPU
	EndGlobalSection
	GlobalSection(SolutionProperties) = preSolution
		HideSolutionNode = FALSE
	EndGlobalSection
	GlobalSection(ExtensibilityGlobals) = postSolution
		SolutionGuid = {6D000AD4-8907-4F0F-979D-E3BAB61B319F}
	EndGlobalSection
EndGlobal
